// !$*UTF8*$!
{
	archiveVersion = 1;
	classes = {
	};
	objectVersion = 50;
	objects = {

/* Begin PBXBuildFile section */
		FD8803F9248BB7A70014A55F /* AppDelegate.swift in Sources */ = {isa = PBXBuildFile; fileRef = FD8803F8248BB7A70014A55F /* AppDelegate.swift */; };
		FD8803FB248BB7A70014A55F /* SceneDelegate.swift in Sources */ = {isa = PBXBuildFile; fileRef = FD8803FA248BB7A70014A55F /* SceneDelegate.swift */; };
		FD8803FD248BB7A70014A55F /* ContentView.swift in Sources */ = {isa = PBXBuildFile; fileRef = FD8803FC248BB7A70014A55F /* ContentView.swift */; };
		FD880402248BB7AC0014A55F /* Preview Assets.xcassets in Resources */ = {isa = PBXBuildFile; fileRef = FD880401248BB7AC0014A55F /* Preview Assets.xcassets */; };
		FD880405248BB7AC0014A55F /* LaunchScreen.storyboard in Resources */ = {isa = PBXBuildFile; fileRef = FD880403248BB7AC0014A55F /* LaunchScreen.storyboard */; };
		FD88040D248BB88C0014A55F /* Assets.xcassets in Resources */ = {isa = PBXBuildFile; fileRef = FD88040C248BB88C0014A55F /* Assets.xcassets */; };
/* End PBXBuildFile section */

/* Begin PBXFileReference section */
		FD8803F5248BB7A70014A55F /* NeuromorphicUI.app */ = {isa = PBXFileReference; explicitFileType = wrapper.application; includeInIndex = 0; path = NeuromorphicUI.app; sourceTree = BUILT_PRODUCTS_DIR; };
		FD8803F8248BB7A70014A55F /* AppDelegate.swift */ = {isa = PBXFileReference; lastKnownFileType = sourcecode.swift; path = AppDelegate.swift; sourceTree = "<group>"; };
		FD8803FA248BB7A70014A55F /* SceneDelegate.swift */ = {isa = PBXFileReference; lastKnownFileType = sourcecode.swift; path = SceneDelegate.swift; sourceTree = "<group>"; };
		FD8803FC248BB7A70014A55F /* ContentView.swift */ = {isa = PBXFileReference; lastKnownFileType = sourcecode.swift; path = ContentView.swift; sourceTree = "<group>"; };
		FD880401248BB7AC0014A55F /* Preview Assets.xcassets */ = {isa = PBXFileReference; lastKnownFileType = folder.assetcatalog; path = "Preview Assets.xcassets"; sourceTree = "<group>"; };
		FD880404248BB7AC0014A55F /* Base */ = {isa = PBXFileReference; lastKnownFileType = file.storyboard; name = Base; path = Base.lproj/LaunchScreen.storyboard; sourceTree = "<group>"; };
		FD880406248BB7AC0014A55F /* Info.plist */ = {isa = PBXFileReference; lastKnownFileType = text.plist.xml; path = Info.plist; sourceTree = "<group>"; };
		FD88040C248BB88C0014A55F /* Assets.xcassets */ = {isa = PBXFileReference; lastKnownFileType = folder.assetcatalog; path = Assets.xcassets; sourceTree = "<group>"; };
/* End PBXFileReference section */

/* Begin PBXFrameworksBuildPhase section */
		FD8803F2248BB7A70014A55F /* Frameworks */ = {
			isa = PBXFrameworksBuildPhase;
			buildActionMask = 2147483647;
			files = (
			);
			runOnlyForDeploymentPostprocessing = 0;
		};
/* End PBXFrameworksBuildPhase section */

/* Begin PBXGroup section */
		FD8803EC248BB7A70014A55F = {
			isa = PBXGroup;
			children = (
				FD8803F7248BB7A70014A55F /* NeuromorphicUI */,
				FD8803F6248BB7A70014A55F /* Products */,
			);
			sourceTree = "<group>";
		};
		FD8803F6248BB7A70014A55F /* Products */ = {
			isa = PBXGroup;
			children = (
				FD8803F5248BB7A70014A55F /* NeuromorphicUI.app */,
			);
			name = Products;
			sourceTree = "<group>";
		};
		FD8803F7248BB7A70014A55F /* NeuromorphicUI */ = {
			isa = PBXGroup;
			children = (
				FD8803F8248BB7A70014A55F /* AppDelegate.swift */,
				FD8803FA248BB7A70014A55F /* SceneDelegate.swift */,
				FD8803FC248BB7A70014A55F /* ContentView.swift */,
				FD88040C248BB88C0014A55F /* Assets.xcassets */,
				FD880403248BB7AC0014A55F /* LaunchScreen.storyboard */,
				FD880406248BB7AC0014A55F /* Info.plist */,
				FD880400248BB7AC0014A55F /* Preview Content */,
			);
			path = NeuromorphicUI;
			sourceTree = "<group>";
		};
		FD880400248BB7AC0014A55F /* Preview Content */ = {
			isa = PBXGroup;
			children = (
				FD880401248BB7AC0014A55F /* Preview Assets.xcassets */,
			);
			path = "Preview Content";
			sourceTree = "<group>";
		};
/* End PBXGroup section */

/* Begin PBXNativeTarget section */
		FD8803F4248BB7A70014A55F /* NeuromorphicUI */ = {
			isa = PBXNativeTarget;
			buildConfigurationList = FD880409248BB7AC0014A55F /* Build configuration list for PBXNativeTarget "NeuromorphicUI" */;
			buildPhases = (
				FD8803F1248BB7A70014A55F /* Sources */,
				FD8803F2248BB7A70014A55F /* Frameworks */,
				FD8803F3248BB7A70014A55F /* Resources */,
			);
			buildRules = (
			);
			dependencies = (
			);
			name = NeuromorphicUI;
			productName = NeuromorphicUI;
			productReference = FD8803F5248BB7A70014A55F /* NeuromorphicUI.app */;
			productType = "com.apple.product-type.application";
		};
/* End PBXNativeTarget section */

/* Begin PBXProject section */
		FD8803ED248BB7A70014A55F /* Project object */ = {
			isa = PBXProject;
			attributes = {
				LastSwiftUpdateCheck = 1150;
				LastUpgradeCheck = 1150;
				ORGANIZATIONNAME = "Al Amin";
				TargetAttributes = {
					FD8803F4248BB7A70014A55F = {
						CreatedOnToolsVersion = 11.5;
					};
				};
			};
			buildConfigurationList = FD8803F0248BB7A70014A55F /* Build configuration list for PBXProject "NeuromorphicUI" */;
			compatibilityVersion = "Xcode 9.3";
			developmentRegion = en;
			hasScannedForEncodings = 0;
			knownRegions = (
				en,
				Base,
			);
			mainGroup = FD8803EC248BB7A70014A55F;
			productRefGroup = FD8803F6248BB7A70014A55F /* Products */;
			projectDirPath = "";
			projectRoot = "";
			targets = (
				FD8803F4248BB7A70014A55F /* NeuromorphicUI */,
			);
		};
/* End PBXProject section */

/* Begin PBXResourcesBuildPhase section */
		FD8803F3248BB7A70014A55F /* Resources */ = {
			isa = PBXResourcesBuildPhase;
			buildActionMask = 2147483647;
			files = (
				FD880405248BB7AC0014A55F /* LaunchScreen.storyboard in Resources */,
				FD88040D248BB88C0014A55F /* Assets.xcassets in Resources */,
				FD880402248BB7AC0014A55F /* Preview Assets.xcassets in Resources */,
			);
			runOnlyForDeploymentPostprocessing = 0;
		};
/* End PBXResourcesBuildPhase section */

/* Begin PBXSourcesBuildPhase section */
		FD8803F1248BB7A70014A55F /* Sources */ = {
			isa = PBXSourcesBuildPhase;
			buildActionMask = 2147483647;
			files = (
				FD8803F9248BB7A70014A55F /* AppDelegate.swift in Sources */,
				FD8803FB248BB7A70014A55F /* SceneDelegate.swift in Sources */,
				FD8803FD248BB7A70014A55F /* ContentView.swift in Sources */,
			);
			runOnlyForDeploymentPostprocessing = 0;
		};
/* End PBXSourcesBuildPhase section */

/* Begin PBXVariantGroup section */
		FD880403248BB7AC0014A55F /* LaunchScreen.storyboard */ = {
			isa = PBXVariantGroup;
			children = (
				FD880404248BB7AC0014A55F /* Base */,
			);
			name = LaunchScreen.storyboard;
			sourceTree = "<group>";
		};
/* End PBXVariantGroup section */

/* Begin XCBuildConfiguration section */
		FD880407248BB7AC0014A55F /* Debug */ = {
			isa = XCBuildConfiguration;
			buildSettings = {
				ALWAYS_SEARCH_USER_PATHS = NO;
				CLANG_ANALYZER_NONNULL = YES;
				CLANG_ANALYZER_NUMBER_OBJECT_CONVERSION = YES_AGGRESSIVE;
				CLANG_CXX_LANGUAGE_STANDARD = "gnu++14";
				CLANG_CXX_LIBRARY = "libc++";
				CLANG_ENABLE_MODULES = YES;
				CLANG_ENABLE_OBJC_ARC = YES;
				CLANG_ENABLE_OBJC_WEAK = YES;
				CLANG_WARN_BLOCK_CAPTURE_AUTORELEASING = YES;
				CLANG_WARN_BOOL_CONVERSION = YES;
				CLANG_WARN_COMMA = YES;
				CLANG_WARN_CONSTANT_CONVERSION = YES;
				CLANG_WARN_DEPRECATED_OBJC_IMPLEMENTATIONS = YES;
				CLANG_WARN_DIRECT_OBJC_ISA_USAGE = YES_ERROR;
				CLANG_WARN_DOCUMENTATION_COMMENTS = YES;
				CLANG_WARN_EMPTY_BODY = YES;
				CLANG_WARN_ENUM_CONVERSION = YES;
				CLANG_WARN_INFINITE_RECURSION = YES;
				CLANG_WARN_INT_CONVERSION = YES;
				CLANG_WARN_NON_LITERAL_NULL_CONVERSION = YES;
				CLANG_WARN_OBJC_IMPLICIT_RETAIN_SELF = YES;
				CLANG_WARN_OBJC_LITERAL_CONVERSION = YES;
				CLANG_WARN_OBJC_ROOT_CLASS = YES_ERROR;
				CLANG_WARN_RANGE_LOOP_ANALYSIS = YES;
				CLANG_WARN_STRICT_PROTOTYPES = YES;
				CLANG_WARN_SUSPICIOUS_MOVE = YES;
				CLANG_WARN_UNGUARDED_AVAILABILITY = YES_AGGRESSIVE;
				CLANG_WARN_UNREACHABLE_CODE = YES;
				CLANG_WARN__DUPLICATE_METHOD_MATCH = YES;
				COPY_PHASE_STRIP = NO;
				DEBUG_INFORMATION_FORMAT = dwarf;
				ENABLE_STRICT_OBJC_MSGSEND = YES;
				ENABLE_TESTABILITY = YES;
				GCC_C_LANGUAGE_STANDARD = gnu11;
				GCC_DYNAMIC_NO_PIC = NO;
				GCC_NO_COMMON_BLOCKS = YES;
				GCC_OPTIMIZATION_LEVEL = 0;
				GCC_PREPROCESSOR_DEFINITIONS = (
					"DEBUG=1",
					"$(inherited)",
				);
				GCC_WARN_64_TO_32_BIT_CONVERSION = YES;
				GCC_WARN_ABOUT_RETURN_TYPE = YES_ERROR;
				GCC_WARN_UNDECLARED_SELECTOR = YES;
				GCC_WARN_UNINITIALIZED_AUTOS = YES_AGGRESSIVE;
				GCC_WARN_UNUSED_FUNCTION = YES;
				GCC_WARN_UNUSED_VARIABLE = YES;
				IPHONEOS_DEPLOYMENT_TARGET = 13.5;
				MTL_ENABLE_DEBUG_INFO = INCLUDE_SOURCE;
				MTL_FAST_MATH = YES;
				ONLY_ACTIVE_ARCH = YES;
				SDKROOT = iphoneos;
				SWIFT_ACTIVE_COMPILATION_CONDITIONS = DEBUG;
				SWIFT_OPTIMIZATION_LEVEL = "-Onone";
			};
			name = Debug;
		};
		FD880408248BB7AC0014A55F /* Release */ = {
			isa = XCBuildConfiguration;
			buildSettings = {
				ALWAYS_SEARCH_USER_PATHS = NO;
				CLANG_ANALYZER_NONNULL = YES;
				CLANG_ANALYZER_NUMBER_OBJECT_CONVERSION = YES_AGGRESSIVE;
				CLANG_CXX_LANGUAGE_STANDARD = "gnu++14";
				CLANG_CXX_LIBRARY = "libc++";
				CLANG_ENABLE_MODULES = YES;
				CLANG_ENABLE_OBJC_ARC = YES;
				CLANG_ENABLE_OBJC_WEAK = YES;
				CLANG_WARN_BLOCK_CAPTURE_AUTORELEASING = YES;
				CLANG_WARN_BOOL_CONVERSION = YES;
				CLANG_WARN_COMMA = YES;
				CLANG_WARN_CONSTANT_CONVERSION = YES;
				CLANG_WARN_DEPRECATED_OBJC_IMPLEMENTATIONS = YES;
				CLANG_WARN_DIRECT_OBJC_ISA_USAGE = YES_ERROR;
				CLANG_WARN_DOCUMENTATION_COMMENTS = YES;
				CLANG_WARN_EMPTY_BODY = YES;
				CLANG_WARN_ENUM_CONVERSION = YES;
				CLANG_WARN_INFINITE_RECURSION = YES;
				CLANG_WARN_INT_CONVERSION = YES;
				CLANG_WARN_NON_LITERAL_NULL_CONVERSION = YES;
				CLANG_WARN_OBJC_IMPLICIT_RETAIN_SELF = YES;
				CLANG_WARN_OBJC_LITERAL_CONVERSION = YES;
				CLANG_WARN_OBJC_ROOT_CLASS = YES_ERROR;
				CLANG_WARN_RANGE_LOOP_ANALYSIS = YES;
				CLANG_WARN_STRICT_PROTOTYPES = YES;
				CLANG_WARN_SUSPICIOUS_MOVE = YES;
				CLANG_WARN_UNGUARDED_AVAILABILITY = YES_AGGRESSIVE;
				CLANG_WARN_UNREACHABLE_CODE = YES;
				CLANG_WARN__DUPLICATE_METHOD_MATCH = YES;
				COPY_PHASE_STRIP = NO;
				DEBUG_INFORMATION_FORMAT = "dwarf-with-dsym";
				ENABLE_NS_ASSERTIONS = NO;
				ENABLE_STRICT_OBJC_MSGSEND = YES;
				GCC_C_LANGUAGE_STANDARD = gnu11;
				GCC_NO_COMMON_BLOCKS = YES;
				GCC_WARN_64_TO_32_BIT_CONVERSION = YES;
				GCC_WARN_ABOUT_RETURN_TYPE = YES_ERROR;
				GCC_WARN_UNDECLARED_SELECTOR = YES;
				GCC_WARN_UNINITIALIZED_AUTOS = YES_AGGRESSIVE;
				GCC_WARN_UNUSED_FUNCTION = YES;
				GCC_WARN_UNUSED_VARIABLE = YES;
				IPHONEOS_DEPLOYMENT_TARGET = 13.5;
				MTL_ENABLE_DEBUG_INFO = NO;
				MTL_FAST_MATH = YES;
				SDKROOT = iphoneos;
				SWIFT_COMPILATION_MODE = wholemodule;
				SWIFT_OPTIMIZATION_LEVEL = "-O";
				VALIDATE_PRODUCT = YES;
			};
			name = Release;
		};
		FD88040A248BB7AC0014A55F /* Debug */ = {
			isa = XCBuildConfiguration;
			buildSettings = {
				ASSETCATALOG_COMPILER_APPICON_NAME = AppIcon;
				CODE_SIGN_STYLE = Automatic;
				DEVELOPMENT_ASSET_PATHS = "\"NeuromorphicUI/Preview Content\"";
				ENABLE_PREVIEWS = YES;
				INFOPLIST_FILE = NeuromorphicUI/Info.plist;
				LD_RUNPATH_SEARCH_PATHS = (
					"$(inherited)",
					"@executable_path/Frameworks",
				);
				PRODUCT_BUNDLE_IDENTIFIER = alamin.NeuromorphicUI;
				PRODUCT_NAME = "$(TARGET_NAME)";
				SWIFT_VERSION = 5.0;
				TARGETED_DEVICE_FAMILY = "1,2";
			};
			name = Debug;
		};
		FD88040B248BB7AC0014A55F /* Release */ = {
			isa = XCBuildConfiguration;
			buildSettings = {
				ASSETCATALOG_COMPILER_APPICON_NAME = AppIcon;
				CODE_SIGN_STYLE = Automatic;
				DEVELOPMENT_ASSET_PATHS = "\"NeuromorphicUI/Preview Content\"";
				ENABLE_PREVIEWS = YES;
				INFOPLIST_FILE = NeuromorphicUI/Info.plist;
				LD_RUNPATH_SEARCH_PATHS = (
					"$(inherited)",
					"@executable_path/Frameworks",
				);
				PRODUCT_BUNDLE_IDENTIFIER = alamin.NeuromorphicUI;
				PRODUCT_NAME = "$(TARGET_NAME)";
				SWIFT_VERSION = 5.0;
				TARGETED_DEVICE_FAMILY = "1,2";
			};
			name = Release;
		};
/* End XCBuildConfiguration section */

/* Begin XCConfigurationList section */
		FD8803F0248BB7A70014A55F /* Build configuration list for PBXProject "NeuromorphicUI" */ = {
			isa = XCConfigurationList;
			buildConfigurations = (
				FD880407248BB7AC0014A55F /* Debug */,
				FD880408248BB7AC0014A55F /* Release */,
			);
			defaultConfigurationIsVisible = 0;
			defaultConfigurationName = Release;
		};
		FD880409248BB7AC0014A55F /* Build configuration list for PBXNativeTarget "NeuromorphicUI" */ = {
			isa = XCConfigurationList;
			buildConfigurations = (
				FD88040A248BB7AC0014A55F /* Debug */,
				FD88040B248BB7AC0014A55F /* Release */,
			);
			defaultConfigurationIsVisible = 0;
			defaultConfigurationName = Release;
		};
/* End XCConfigurationList section */
	};
	rootObject = FD8803ED248BB7A70014A55F /* Project object */;
}
